
Microsoft Visual Studio Solution File, Format Version 12.00
# Visual Studio 14
VisualStudioVersion = 14.0.25420.1
MinimumVisualStudioVersion = 10.0.40219.1
Project("{8BC9CEB8-8B4A-11D0-8D11-00A0C91BC942}") = "Practice0", "Practice0\Practice0.vcxproj", "{9F6E0BBB-6D56-44C8-993F-293D8C5F087D}"
EndProject
Project("{8BC9CEB8-8B4A-11D0-8D11-00A0C91BC942}") = "Practice1", "Practice1\Practice1.vcxproj", "{02DB9A82-AADD-4734-97A6-C1D69194B9D8}"
EndProject
Project("{8BC9CEB8-8B4A-11D0-8D11-00A0C91BC942}") = "Practice2", "Practice2\Practice2.vcxproj", "{CFF7FC6D-11DD-4188-9F63-A5888712E7C0}"
EndProject
Project("{8BC9CEB8-8B4A-11D0-8D11-00A0C91BC942}") = "Practice3", "Practice3\Practice3.vcxproj", "{8282CFFB-1CAE-4F1E-9EA4-DD8640D7C8F5}"
EndProject
Global
	GlobalSection(SolutionConfigurationPlatforms) = preSolution
		Debug|x64 = Debug|x64
		Debug|x86 = Debug|x86
		Release|x64 = Release|x64
		Release|x86 = Release|x86
	EndGlobalSection
	GlobalSection(ProjectConfigurationPlatforms) = postSolution
		{9F6E0BBB-6D56-44C8-993F-293D8C5F087D}.Debug|x64.ActiveCfg = Debug|x64
		{9F6E0BBB-6D56-44C8-993F-293D8C5F087D}.Debug|x64.Build.0 = Debug|x64
		{9F6E0BBB-6D56-44C8-993F-293D8C5F087D}.Debug|x86.ActiveCfg = Debug|Win32
		{9F6E0BBB-6D56-44C8-993F-293D8C5F087D}.Debug|x86.Build.0 = Debug|Win32
		{9F6E0BBB-6D56-44C8-993F-293D8C5F087D}.Release|x64.ActiveCfg = Release|x64
		{9F6E0BBB-6D56-44C8-993F-293D8C5F087D}.Release|x64.Build.0 = Release|x64
		{9F6E0BBB-6D56-44C8-993F-293D8C5F087D}.Release|x86.ActiveCfg = Release|Win32
		{9F6E0BBB-6D56-44C8-993F-293D8C5F087D}.Release|x86.Build.0 = Release|Win32
		{02DB9A82-AADD-4734-97A6-C1D69194B9D8}.Debug|x64.ActiveCfg = Debug|x64
		{02DB9A82-AADD-4734-97A6-C1D69194B9D8}.Debug|x64.Build.0 = Debug|x64
		{02DB9A82-AADD-4734-97A6-C1D69194B9D8}.Debug|x86.ActiveCfg = Debug|Win32
		{02DB9A82-AADD-4734-97A6-C1D69194B9D8}.Debug|x86.Build.0 = Debug|Win32
		{02DB9A82-AADD-4734-97A6-C1D69194B9D8}.Release|x64.ActiveCfg = Release|x64
		{02DB9A82-AADD-4734-97A6-C1D69194B9D8}.Release|x64.Build.0 = Release|x64
		{02DB9A82-AADD-4734-97A6-C1D69194B9D8}.Release|x86.ActiveCfg = Release|Win32
		{02DB9A82-AADD-4734-97A6-C1D69194B9D8}.Release|x86.Build.0 = Release|Win32
		{CFF7FC6D-11DD-4188-9F63-A5888712E7C0}.Debug|x64.ActiveCfg = Debug|x64
		{CFF7FC6D-11DD-4188-9F63-A5888712E7C0}.Debug|x64.Build.0 = Debug|x64
		{CFF7FC6D-11DD-4188-9F63-A5888712E7C0}.Debug|x86.ActiveCfg = Debug|Win32
		{CFF7FC6D-11DD-4188-9F63-A5888712E7C0}.Debug|x86.Build.0 = Debug|Win32
		{CFF7FC6D-11DD-4188-9F63-A5888712E7C0}.Release|x64.ActiveCfg = Release|x64
		{CFF7FC6D-11DD-4188-9F63-A5888712E7C0}.Release|x64.Build.0 = Release|x64
		{CFF7FC6D-11DD-4188-9F63-A5888712E7C0}.Release|x86.ActiveCfg = Release|Win32
		{CFF7FC6D-11DD-4188-9F63-A5888712E7C0}.Release|x86.Build.0 = Release|Win32
		{8282CFFB-1CAE-4F1E-9EA4-DD8640D7C8F5}.Debug|x64.ActiveCfg = Debug|x64
		{8282CFFB-1CAE-4F1E-9EA4-DD8640D7C8F5}.Debug|x64.Build.0 = Debug|x64
		{8282CFFB-1CAE-4F1E-9EA4-DD8640D7C8F5}.Debug|x86.ActiveCfg = Debug|Win32
		{8282CFFB-1CAE-4F1E-9EA4-DD8640D7C8F5}.Debug|x86.Build.0 = Debug|Win32
		{8282CFFB-1CAE-4F1E-9EA4-DD8640D7C8F5}.Release|x64.ActiveCfg = Release|x64
		{8282CFFB-1CAE-4F1E-9EA4-DD8640D7C8F5}.Release|x64.Build.0 = Release|x64
		{8282CFFB-1CAE-4F1E-9EA4-DD8640D7C8F5}.Release|x86.ActiveCfg = Release|Win32
		{8282CFFB-1CAE-4F1E-9EA4-DD8640D7C8F5}.Release|x86.Build.0 = Release|Win32
	EndGlobalSection
	GlobalSection(SolutionProperties) = preSolution
		HideSolutionNode = FALSE
	EndGlobalSection
EndGlobal
